{
  "name": "Guru",
  "version": "0.0.1-14",
  "dependencies": {
    "coffee-script": {
      "version": "1.4.0",
      "from": "https://registry.npmjs.org/coffee-script/-/coffee-script-1.4.0.tgz",
      "resolved": "https://registry.npmjs.org/coffee-script/-/coffee-script-1.4.0.tgz"
    },
    "md5": {
      "version": "1.0.0",
      "from": "md5@1.0.0"
    },
    "mongoose": {
      "version": "3.5.7",
      "from": "https://registry.npmjs.org/mongoose/-/mongoose-3.5.7.tgz",
      "resolved": "https://registry.npmjs.org/mongoose/-/mongoose-3.5.7.tgz",
      "dependencies": {
        "hooks": {
          "version": "0.2.1",
          "from": "https://registry.npmjs.org/hooks/-/hooks-0.2.1.tgz",
          "resolved": "https://registry.npmjs.org/hooks/-/hooks-0.2.1.tgz"
        },
        "mongodb": {
          "version": "1.2.13",
          "from": "https://registry.npmjs.org/mongodb/-/mongodb-1.2.13.tgz",
          "resolved": "https://registry.npmjs.org/mongodb/-/mongodb-1.2.13.tgz",
          "dependencies": {
            "bson": {
              "version": "0.1.8",
              "from": "https://registry.npmjs.org/bson/-/bson-0.1.8.tgz",
              "resolved": "https://registry.npmjs.org/bson/-/bson-0.1.8.tgz"
            }
          }
        },
        "ms": {
          "version": "0.1.0",
          "from": "ms@0.1.0",
          "resolved": "https://registry.npmjs.org/ms/-/ms-0.1.0.tgz"
        },
        "sliced": {
          "version": "0.0.3",
          "from": "https://registry.npmjs.org/sliced/-/sliced-0.0.3.tgz",
          "resolved": "https://registry.npmjs.org/sliced/-/sliced-0.0.3.tgz"
        },
        "muri": {
          "version": "0.3.1",
          "from": "https://registry.npmjs.org/muri/-/muri-0.3.1.tgz",
          "resolved": "https://registry.npmjs.org/muri/-/muri-0.3.1.tgz"
        }
      }
    },
    "async": {
      "version": "0.1.22",
      "from": "async@0.1.22"
    },
    "should": {
      "version": "1.2.1",
      "from": "should@1.2.1"
    },
    "connect": {
      "version": "2.3.4",
      "from": "connect@2.3.4",
      "dependencies": {
        "qs": {
          "version": "0.4.2",
          "from": "qs@0.4.2",
          "resolved": "https://registry.npmjs.org/qs/-/qs-0.4.2.tgz"
        },
        "mime": {
          "version": "1.2.4",
          "from": "mime@1.2.4"
        },
        "formidable": {
          "version": "1.0.11",
          "from": "formidable@1.0.11"
        },
        "crc": {
          "version": "0.2.0",
          "from": "crc@0.2.0"
        },
        "cookie": {
          "version": "0.0.4",
          "from": "cookie@0.0.4"
        },
        "fresh": {
          "version": "0.0.1",
          "from": "fresh@0.0.1"
        },
        "bytes": {
          "version": "0.0.1",
          "from": "bytes@0.0.1"
        },
        "range-parser": {
          "version": "0.0.4",
          "from": "range-parser@0.0.4"
        },
        "debug": {
          "version": "0.7.0",
          "from": "debug@0.7.0"
        }
      }
    },
    "asset-rack": {
      "version": "2.0.7",
      "from": "asset-rack@git+https://github.com/TorchlightSoftware/asset-rack.git#5e1431d92d97f7ad9f29a53dcb3b962679aa3f1a",
      "resolved": "git+https://github.com/TorchlightSoftware/asset-rack.git#5e1431d92d97f7ad9f29a53dcb3b962679aa3f1a",
      "dependencies": {
        "browserify": {
          "version": "1.17.3",
          "from": "browserify@1.17.3",
          "dependencies": {
            "detective": {
              "version": "0.2.1",
              "from": "detective@0.2.1",
              "dependencies": {
                "esprima": {
                  "version": "0.9.9",
                  "from": "esprima@0.9.9",
                  "resolved": "https://registry.npmjs.org/esprima/-/esprima-0.9.9.tgz"
                }
              }
            },
            "buffer-browserify": {
              "version": "0.0.4",
              "from": "buffer-browserify@0.0.4",
              "dependencies": {
                "base64-js": {
                  "version": "0.0.2",
                  "from": "base64-js@0.0.2"
                }
              }
            },
            "console-browserify": {
              "version": "0.1.6",
              "from": "console-browserify@0.1.6"
            },
            "deputy": {
              "version": "0.0.4",
              "from": "deputy@0.0.4",
              "dependencies": {
                "mkdirp": {
                  "version": "0.3.5",
                  "from": "mkdirp@0.3.5"
                }
              }
            },
            "syntax-error": {
              "version": "0.0.0",
              "from": "syntax-error@0.0.0",
              "dependencies": {
                "esprima": {
                  "version": "0.9.9",
                  "from": "esprima@0.9.9",
                  "resolved": "https://registry.npmjs.org/esprima/-/esprima-0.9.9.tgz"
                }
              }
            },
            "resolve": {
              "version": "0.2.8",
              "from": "resolve@0.2.8"
            },
            "nub": {
              "version": "0.0.0",
              "from": "nub@0.0.0"
            },
            "commondir": {
              "version": "0.0.1",
              "from": "commondir@0.0.1"
            },
            "optimist": {
              "version": "0.3.5",
              "from": "optimist@0.3.5",
              "dependencies": {
                "wordwrap": {
                  "version": "0.0.2",
                  "from": "wordwrap@0.0.2"
                }
              }
            },
            "http-browserify": {
              "version": "0.1.8",
              "from": "http-browserify@0.1.8",
              "dependencies": {
                "concat-stream": {
                  "version": "0.0.8",
                  "from": "concat-stream@0.0.8"
                }
              }
            },
            "vm-browserify": {
              "version": "0.0.1",
              "from": "vm-browserify@0.0.1"
            },
            "crypto-browserify": {
              "version": "0.2.1",
              "from": "crypto-browserify@0.2.1"
            }
          }
        },
        "snockets": {
          "version": "1.3.8",
          "from": "snockets@1.3.8",
          "dependencies": {
            "dep-graph": {
              "version": "1.1.0",
              "from": "dep-graph@1.1.0",
              "dependencies": {
                "underscore": {
                  "version": "1.2.1",
                  "from": "underscore@1.2.1"
                }
              }
            },
            "mime": {
              "version": "1.2.2",
              "from": "mime@1.2.2"
            },
            "uglify-js": {
              "version": "1.0.7",
              "from": "uglify-js@1.0.7"
            },
            "underscore": {
              "version": "1.1.7",
              "from": "underscore@1.1.7"
            }
          }
        },
        "uglify-js": {
          "version": "2.2.4",
          "from": "uglify-js@2.2.4",
          "dependencies": {
            "source-map": {
              "version": "0.1.8",
              "from": "source-map@0.1.8",
              "dependencies": {
                "amdefine": {
                  "version": "0.0.4",
                  "from": "amdefine@0.0.4"
                }
              }
            },
            "optimist": {
              "version": "0.3.5",
              "from": "optimist@0.3.5",
              "dependencies": {
                "wordwrap": {
                  "version": "0.0.2",
                  "from": "wordwrap@0.0.2"
                }
              }
            }
          }
        },
        "pkgcloud": {
          "version": "0.6.6",
          "from": "pkgcloud@0.6.6",
          "resolved": "https://registry.npmjs.org/pkgcloud/-/pkgcloud-0.6.6.tgz",
          "dependencies": {
            "errs": {
              "version": "0.2.3",
              "from": "errs@0.2.3"
            },
            "eventemitter2": {
              "version": "0.4.11",
              "from": "eventemitter2@0.4.11"
            },
            "filed": {
              "version": "0.0.7",
              "from": "filed@0.0.7"
            },
            "xml2js": {
              "version": "0.1.14",
              "from": "xml2js@0.1.14",
              "dependencies": {
                "sax": {
                  "version": "0.5.2",
                  "from": "sax@0.5.2"
                }
              }
            },
            "morestreams": {
              "version": "0.1.1",
              "from": "morestreams@0.1.1"
            },
            "pkginfo": {
              "version": "0.2.3",
              "from": "pkginfo@0.2.3"
            },
            "request": {
              "version": "2.14.0",
              "from": "request@2.14.0",
              "dependencies": {
                "form-data": {
                  "version": "0.0.7",
                  "from": "form-data@~0.0.3",
                  "dependencies": {
                    "combined-stream": {
                      "version": "0.0.4",
                      "from": "combined-stream@~0.0.4",
                      "dependencies": {
                        "delayed-stream": {
                          "version": "0.0.5",
                          "from": "delayed-stream@0.0.5"
                        }
                      }
                    },
                    "async": {
                      "version": "0.1.22",
                      "from": "async@~0.1.9"
                    }
                  }
                },
                "mime": {
                  "version": "1.2.9",
                  "from": "mime@~1.2.7"
                }
              }
            },
            "utile": {
              "version": "0.1.7",
              "from": "utile@0.1.7",
              "dependencies": {
                "deep-equal": {
                  "version": "0.0.0",
                  "from": "deep-equal@0.0.0"
                },
                "i": {
                  "version": "0.3.1",
                  "from": "i@0.3.1"
                },
                "mkdirp": {
                  "version": "0.3.5",
                  "from": "mkdirp@0.3.5"
                },
                "ncp": {
                  "version": "0.2.6",
                  "from": "ncp@0.2.6"
                },
                "rimraf": {
                  "version": "1.0.9",
                  "from": "rimraf@1.0.9"
                }
              }
            }
          }
        },
        "less": {
          "version": "1.3.3",
          "from": "less@1.3.3",
          "dependencies": {
            "ycssmin": {
              "version": "1.0.1",
              "from": "ycssmin@1.0.1"
            }
          }
        },
        "jade": {
          "version": "0.27.7",
          "from": "jade@0.27.7",
          "dependencies": {
            "commander": {
              "version": "0.6.1",
              "from": "commander@0.6.1"
            },
            "mkdirp": {
              "version": "0.3.5",
              "from": "mkdirp@0.3.5"
            }
          }
        },
        "mime": {
          "version": "1.2.7",
          "from": "mime@1.2.7"
        },
        "nib": {
          "version": "0.9.1",
          "from": "nib@0.9.1"
        },
        "stylus": {
          "version": "0.32.0",
          "from": "stylus@0.32.0",
          "dependencies": {
            "cssom": {
              "version": "0.2.5",
              "from": "cssom@0.2.5"
            },
            "mkdirp": {
              "version": "0.3.5",
              "from": "mkdirp@0.3.5"
            },
            "debug": {
              "version": "0.7.2",
              "from": "debug@0.7.2"
            }
          }
        },
        "underscore": {
          "version": "1.4.4",
          "from": "underscore@1.4.4"
        }
      }
    },
    "pulsar": {
      "version": "0.2.0",
      "from": "pulsar@0.2.0",
      "dependencies": {
        "protosock": {
          "version": "0.2.2",
          "from": "protosock@0.2.2",
          "dependencies": {
            "emitter-component": {
              "version": "0.0.6",
              "from": "emitter-component@0.0.6"
            },
            "engine.io": {
              "version": "0.4.3",
              "from": "engine.io@0.4.3",
              "dependencies": {
                "debug": {
                  "version": "0.6.0",
                  "from": "debug@0.6.0"
                },
                "ws": {
                  "version": "0.4.25",
                  "from": "ws@0.4.25",
                  "dependencies": {
                    "commander": {
                      "version": "0.6.1",
                      "from": "commander@0.6.1"
                    },
                    "tinycolor": {
                      "version": "0.0.1",
                      "from": "tinycolor@0.0.1"
                    },
                    "options": {
                      "version": "0.0.3",
                      "from": "options@0.0.3"
                    }
                  }
                },
                "engine.io-parser": {
                  "version": "0.1.1",
                  "from": "engine.io-parser@0.1.1"
                },
                "base64id": {
                  "version": "0.1.0",
                  "from": "base64id@0.1.0"
                }
              }
            },
            "engine.io-client": {
              "version": "0.4.3",
              "from": "engine.io-client@0.4.3",
              "dependencies": {
                "ws": {
                  "version": "0.4.20",
                  "from": "ws@0.4.20",
                  "dependencies": {
                    "commander": {
                      "version": "0.6.1",
                      "from": "commander@0.6.1"
                    },
                    "tinycolor": {
                      "version": "0.0.1",
                      "from": "tinycolor@0.0.1"
                    },
                    "options": {
                      "version": "0.0.3",
                      "from": "options@0.0.3"
                    }
                  }
                },
                "xmlhttprequest": {
                  "version": "1.5.0",
                  "from": "xmlhttprequest@1.5.0"
                },
                "engine.io-parser": {
                  "version": "0.1.1",
                  "from": "engine.io-parser@0.1.1"
                },
                "debug": {
                  "version": "0.6.0",
                  "from": "debug@0.6.0"
                }
              }
            }
          }
        }
      }
    },
    "particle": {
      "version": "0.0.2",
      "from": "particle@git+https://github.com/TorchlightSoftware/particle.git",
      "resolved": "git+https://github.com/TorchlightSoftware/particle.git#61e390adde7592e186a838028120a6028c412a33",
      "dependencies": {
        "lodash": {
          "version": "1.2.1",
          "from": "lodash@*"
        },
        "jayschema": {
          "version": "0.1.5",
          "from": "jayschema@git://github.com/bitmage/jayschema.git",
          "resolved": "git://github.com/bitmage/jayschema.git#230604cd66dc360d9d96c9434a4fd58bac4b835d"
        },
        "protosock": {
          "version": "0.2.2",
          "from": "protosock@*",
          "dependencies": {
            "emitter-component": {
              "version": "1.0.0",
              "from": "emitter-component@*"
            },
            "engine.io": {
              "version": "0.5.0",
              "from": "engine.io@*",
              "dependencies": {
                "debug": {
                  "version": "0.6.0",
                  "from": "debug@0.6.0"
                },
                "ws": {
                  "version": "0.4.25",
                  "from": "ws@0.4.25",
                  "dependencies": {
                    "commander": {
                      "version": "0.6.1",
                      "from": "commander@~0.6.1"
                    },
                    "tinycolor": {
                      "version": "0.0.1",
                      "from": "tinycolor@0.x"
                    },
                    "options": {
                      "version": "0.0.5",
                      "from": "options@latest"
                    }
                  }
                },
                "engine.io-parser": {
                  "version": "0.3.0",
                  "from": "engine.io-parser@0.3.0"
                },
                "base64id": {
                  "version": "0.1.0",
                  "from": "base64id@0.1.0"
                }
              }
            },
            "engine.io-client": {
              "version": "0.5.0",
              "from": "engine.io-client@*",
              "dependencies": {
                "ws": {
                  "version": "0.4.25",
                  "from": "ws@0.4.25",
                  "dependencies": {
                    "commander": {
                      "version": "0.6.1",
                      "from": "commander@~0.6.1"
                    },
                    "tinycolor": {
                      "version": "0.0.1",
                      "from": "tinycolor@0.x"
                    },
                    "options": {
                      "version": "0.0.5",
                      "from": "options@latest"
                    }
                  }
                },
                "xmlhttprequest": {
                  "version": "1.5.0",
                  "from": "xmlhttprequest@1.5.0"
                },
                "emitter": {
                  "version": "1.0.0",
                  "from": "emitter@git://github.com/component/emitter#1.0.0",
                  "resolved": "git://github.com/component/emitter#9c5379b4d1985a9a16745abe7bbc31524b8a090e"
                },
                "engine.io-parser": {
                  "version": "0.3.0",
                  "from": "engine.io-parser@0.3.0"
                },
                "debug": {
                  "version": "0.7.2",
                  "from": "debug@0.7.2"
                }
              }
            }
          }
        }
      }
    },
    "mongo-watch": {
      "version": "0.0.6",
      "from": "mongo-watch@git+https://github.com/TorchlightSoftware/mongo-watch.git",
      "resolved": "git+https://github.com/TorchlightSoftware/mongo-watch.git#22122f307689f07d027f50627789362d1b69a1c2",
      "dependencies": {
        "mongodb": {
          "version": "1.3.3",
          "from": "mongodb@*",
          "dependencies": {
            "bson": {
              "version": "0.1.8",
              "from": "bson@0.1.8"
            },
            "kerberos": {
              "version": "0.0.2",
              "from": "kerberos@latest"
            }
          }
        }
      }
    },
    "vein": {
      "version": "0.5.3",
      "from": "https://registry.npmjs.org/vein/-/vein-0.5.3.tgz",
      "resolved": "https://registry.npmjs.org/vein/-/vein-0.5.3.tgz",
      "dependencies": {
        "protosock": {
          "version": "0.2.2",
          "from": "protosock@0.2.2",
          "dependencies": {
            "emitter-component": {
              "version": "0.0.6",
              "from": "emitter-component@0.0.6"
            },
            "engine.io": {
              "version": "0.4.3",
              "from": "engine.io@0.4.3",
              "dependencies": {
                "debug": {
                  "version": "0.6.0",
                  "from": "debug@0.6.0"
                },
                "ws": {
                  "version": "0.4.25",
                  "from": "ws@0.4.25",
                  "dependencies": {
                    "commander": {
                      "version": "0.6.1",
                      "from": "commander@0.6.1"
                    },
                    "tinycolor": {
                      "version": "0.0.1",
                      "from": "tinycolor@0.0.1"
                    },
                    "options": {
                      "version": "0.0.3",
                      "from": "options@0.0.3"
                    }
                  }
                },
                "engine.io-parser": {
                  "version": "0.1.1",
                  "from": "engine.io-parser@0.1.1"
                },
                "base64id": {
                  "version": "0.1.0",
                  "from": "base64id@0.1.0"
                }
              }
            },
            "engine.io-client": {
              "version": "0.4.3",
              "from": "engine.io-client@0.4.3",
              "dependencies": {
                "ws": {
                  "version": "0.4.20",
                  "from": "ws@0.4.20",
                  "dependencies": {
                    "commander": {
                      "version": "0.6.1",
                      "from": "commander@0.6.1"
                    },
                    "tinycolor": {
                      "version": "0.0.1",
                      "from": "tinycolor@0.0.1"
                    },
                    "options": {
                      "version": "0.0.3",
                      "from": "options@0.0.3"
                    }
                  }
                },
                "xmlhttprequest": {
                  "version": "1.5.0",
                  "from": "xmlhttprequest@1.5.0"
                },
                "engine.io-parser": {
                  "version": "0.1.1",
                  "from": "engine.io-parser@0.1.1"
                },
                "debug": {
                  "version": "0.6.0",
                  "from": "debug@0.6.0"
                }
              }
            }
          }
        }
      }
    },
    "sugar": {
      "version": "1.3.0",
      "from": "sugar@1.3.0"
    },
    "law": {
      "version": "0.0.13",
      "from": "law@0.0.13"
    },
    "stoic": {
      "version": "0.0.7",
      "from": "stoic@0.0.7",
      "dependencies": {
        "redis": {
          "version": "0.8.2",
          "from": "redis@0.8.2"
        }
      }
    },
    "restler": {
      "version": "2.0.1",
      "from": "restler@git+https://github.com/bitmage/restler.git",
      "resolved": "git+https://github.com/bitmage/restler.git#fffa809079f531a6067fbb818781ece29c015988"
    },
    "nodemailer": {
      "version": "0.3.27",
      "from": "nodemailer@0.3.27",
      "dependencies": {
        "mailcomposer": {
          "version": "0.1.19",
          "from": "mailcomposer@0.1.19",
          "dependencies": {
            "mimelib": {
              "version": "0.2.4",
              "from": "mimelib@0.2.4",
              "dependencies": {
                "encoding": {
                  "version": "0.1.3",
                  "from": "encoding@0.1.3",
                  "dependencies": {
                    "iconv-lite": {
                      "version": "0.2.5",
                      "from": "iconv-lite@0.2.5"
                    },
                    "iconv": {
                      "version": "1.2.3",
                      "from": "iconv@1.2.3"
                    }
                  }
                },
                "addressparser": {
                  "version": "0.1.2",
                  "from": "addressparser@0.1.2"
                }
              }
            }
          }
        },
        "simplesmtp": {
          "version": "0.1.24",
          "from": "simplesmtp@0.1.24",
          "dependencies": {
            "rai": {
              "version": "0.1.6",
              "from": "rai@0.1.6"
            },
            "xoauth2": {
              "version": "0.1.1",
              "from": "xoauth2@0.1.1",
              "dependencies": {
                "request": {
                  "version": "2.11.1",
                  "from": "request@2.11.1",
                  "dependencies": {
                    "form-data": {
                      "version": "0.0.3",
                      "from": "form-data",
                      "dependencies": {
                        "combined-stream": {
                          "version": "0.0.3",
                          "from": "combined-stream@0.0.3",
                          "dependencies": {
                            "delayed-stream": {
                              "version": "0.0.5",
                              "from": "delayed-stream@0.0.5"
                            }
                          }
                        },
                        "async": {
                          "version": "0.1.9",
                          "from": "async@0.1.9"
                        }
                      }
                    },
                    "mime": {
                      "version": "1.2.7",
                      "from": "mime"
                    }
                  }
                }
              }
            }
          }
        },
        "optimist": {
          "version": "0.3.4",
          "from": "optimist@0.3.4",
          "dependencies": {
            "wordwrap": {
              "version": "0.0.2",
              "from": "wordwrap@0.0.2"
            }
          }
        }
      }
    },
    "easyxml": {
      "version": "0.0.2",
      "from": "easyxml@0.0.2",
      "dependencies": {
        "elementtree": {
          "version": "0.1.5",
          "from": "elementtree@0.1.5",
          "dependencies": {
            "sax": {
              "version": "0.3.5",
              "from": "sax@0.3.5"
            }
          }
        },
        "inflector": {
          "version": "0.0.1",
          "from": "inflector@0.0.1"
        }
      }
    },
    "xml2js": {
      "version": "0.2.1",
      "from": "xml2js@0.2.1",
      "dependencies": {
        "sax": {
          "version": "0.4.2",
          "from": "sax@0.4.2"
        }
      }
    },
    "markdown": {
      "version": "0.4.0",
      "from": "markdown@0.4.0",
      "dependencies": {
        "nopt": {
          "version": "1.0.10",
          "from": "nopt@1.0.10",
          "dependencies": {
            "abbrev": {
              "version": "1.0.3",
              "from": "abbrev@1.0.3"
            }
          }
        }
      }
    },
    "winston": {
      "version": "0.6.2",
      "from": "winston@0.6.2",
      "dependencies": {
        "colors": {
          "version": "0.6.0-1",
          "from": "colors@0.6.0-1"
        },
        "cycle": {
          "version": "1.0.0",
          "from": "cycle@1.0.0"
        },
        "eyes": {
          "version": "0.1.8",
          "from": "eyes@0.1.8"
        },
        "pkginfo": {
          "version": "0.2.3",
          "from": "pkginfo@0.2.3"
        },
        "request": {
          "version": "2.9.203",
          "from": "request@2.9.203"
        },
        "stack-trace": {
          "version": "0.0.6",
          "from": "stack-trace@0.0.6"
        }
      }
    },
    "winston-mongodb": {
      "version": "0.4.0",
      "from": "winston-mongodb@0.4.0",
      "dependencies": {
        "mongodb": {
          "version": "0.9.9-8",
          "from": "mongodb@0.9.9-8",
          "dependencies": {
            "bson": {
              "version": "0.0.4",
              "from": "bson@0.0.4"
            }
          }
        }
      }
    },
    "jade": {
      "version": "0.27.2",
      "from": "jade@0.27.2",
      "dependencies": {
        "commander": {
          "version": "0.6.1",
          "from": "commander@0.6.1"
        },
        "mkdirp": {
          "version": "0.3.0",
          "from": "mkdirp@0.3.0"
        }
      }
    },
    "hiredis": {
      "version": "0.1.15",
      "from": "hiredis@",
      "resolved": "https://registry.npmjs.org/hiredis/-/hiredis-0.1.15.tgz",
      "dependencies": {
        "bindings": {
          "version": "1.1.0",
          "from": "bindings@*"
        }
      }
    },
    "jaded": {
      "version": "0.0.6",
      "from": "jaded@0.0.6",
      "dependencies": {
        "uglify-js": {
          "version": "1.3.3",
          "from": "uglify-js@1.3.3"
        },
        "commander": {
          "version": "1.0.1",
          "from": "commander@1.0.1"
        },
        "mkdirp": {
          "version": "0.3.3",
          "from": "mkdirp@0.3.3"
        }
      }
    },
    "node-log": {
      "version": "0.0.3",
      "from": "node-log@0.0.3",
      "dependencies": {
        "colors": {
          "version": "0.6.0-1",
          "from": "colors@0.6.0-1"
        }
      }
    },
    "factory-worker": {
      "version": "0.7.0",
      "from": "factory-worker@0.7.0",
      "resolved": "https://registry.npmjs.org/factory-worker/-/factory-worker-0.7.0.tgz",
      "dependencies": {
        "hashish": {
          "version": "0.0.4",
          "from": "hashish@>=0.0.3",
          "dependencies": {
            "traverse": {
              "version": "0.6.3",
              "from": "traverse@>=0.2.4"
            }
          }
        },
        "seq": {
          "version": "0.3.5",
          "from": "seq@>= 0.3.5",
          "dependencies": {
            "chainsaw": {
              "version": "0.0.9",
              "from": "chainsaw@>=0.0.7 <0.1",
              "dependencies": {
                "traverse": {
                  "version": "0.3.9",
                  "from": "traverse@>=0.3.0 <0.4"
                }
              }
            }
          }
        }
      }
    },
    "zombie": {
      "version": "1.4.1",
      "from": "https://registry.npmjs.org/zombie/-/zombie-1.4.1.tgz",
      "resolved": "https://registry.npmjs.org/zombie/-/zombie-1.4.1.tgz",
      "dependencies": {
        "eventsource": {
          "version": "0.0.6",
          "from": "https://registry.npmjs.org/eventsource/-/eventsource-0.0.6.tgz",
          "resolved": "https://registry.npmjs.org/eventsource/-/eventsource-0.0.6.tgz"
        },
        "html5": {
          "version": "0.3.8",
          "from": "https://registry.npmjs.org/html5/-/html5-0.3.8.tgz",
          "resolved": "https://registry.npmjs.org/html5/-/html5-0.3.8.tgz",
          "dependencies": {
            "opts": {
              "version": "1.2.2",
              "from": "https://registry.npmjs.org/opts/-/opts-1.2.2.tgz",
              "resolved": "https://registry.npmjs.org/opts/-/opts-1.2.2.tgz"
            },
            "tap": {
              "version": "0.1.4",
              "from": "https://registry.npmjs.org/tap/-/tap-0.1.4.tgz",
              "resolved": "https://registry.npmjs.org/tap/-/tap-0.1.4.tgz",
              "dependencies": {
                "inherits": {
                  "version": "1.0.0"
                },
                "yamlish": {
                  "version": "0.0.2"
                },
                "slide": {
                  "version": "1.1.3",
                  "from": "slide@1.1.3"
                },
                "runforcover": {
                  "version": "0.0.2",
                  "from": "https://registry.npmjs.org/runforcover/-/runforcover-0.0.2.tgz",
                  "resolved": "https://registry.npmjs.org/runforcover/-/runforcover-0.0.2.tgz",
                  "dependencies": {
                    "bunker": {
                      "version": "0.1.2",
                      "from": "https://registry.npmjs.org/bunker/-/bunker-0.1.2.tgz",
                      "resolved": "https://registry.npmjs.org/bunker/-/bunker-0.1.2.tgz",
                      "dependencies": {
                        "burrito": {
                          "version": "0.2.12",
                          "from": "https://registry.npmjs.org/burrito/-/burrito-0.2.12.tgz",
                          "resolved": "https://registry.npmjs.org/burrito/-/burrito-0.2.12.tgz",
                          "dependencies": {
                            "traverse": {
                              "version": "0.5.2",
                              "from": "https://registry.npmjs.org/traverse/-/traverse-0.5.2.tgz",
                              "resolved": "https://registry.npmjs.org/traverse/-/traverse-0.5.2.tgz"
                            },
                            "uglify-js": {
                              "version": "1.1.1",
                              "from": "https://registry.npmjs.org/uglify-js/-/uglify-js-1.1.1.tgz",
                              "resolved": "https://registry.npmjs.org/uglify-js/-/uglify-js-1.1.1.tgz"
                            }
                          }
                        }
                      }
                    }
                  }
                }
              }
            },
            "bench": {
              "version": "0.3.5",
              "from": "https://registry.npmjs.org/bench/-/bench-0.3.5.tgz",
              "resolved": "https://registry.npmjs.org/bench/-/bench-0.3.5.tgz"
            }
          }
        },
        "jsdom": {
          "version": "0.2.19",
          "from": "https://registry.npmjs.org/jsdom/-/jsdom-0.2.19.tgz",
          "resolved": "https://registry.npmjs.org/jsdom/-/jsdom-0.2.19.tgz",
          "dependencies": {
            "htmlparser": {
              "version": "1.7.6",
              "from": "https://registry.npmjs.org/htmlparser/-/htmlparser-1.7.6.tgz",
              "resolved": "https://registry.npmjs.org/htmlparser/-/htmlparser-1.7.6.tgz"
            },
            "cssom": {
              "version": "0.2.5",
              "from": "cssom@0.2.5"
            },
            "cssstyle": {
              "version": "0.2.3",
              "from": "https://registry.npmjs.org/cssstyle/-/cssstyle-0.2.3.tgz",
              "resolved": "https://registry.npmjs.org/cssstyle/-/cssstyle-0.2.3.tgz"
            }
          }
        },
        "mime": {
          "version": "1.2.9",
          "from": "https://registry.npmjs.org/mime/-/mime-1.2.9.tgz",
          "resolved": "https://registry.npmjs.org/mime/-/mime-1.2.9.tgz"
        },
        "ms": {
          "version": "0.1.0",
          "from": "ms@0.1.0",
          "resolved": "https://registry.npmjs.org/ms/-/ms-0.1.0.tgz"
        },
        "q": {
          "version": "0.8.12",
          "from": "https://registry.npmjs.org/q/-/q-0.8.12.tgz",
          "resolved": "https://registry.npmjs.org/q/-/q-0.8.12.tgz"
        },
        "request": {
          "version": "2.10.0",
          "from": "https://registry.npmjs.org/request/-/request-2.10.0.tgz",
          "resolved": "https://registry.npmjs.org/request/-/request-2.10.0.tgz"
        },
        "tough-cookie": {
          "version": "0.9.15",
          "from": "https://registry.npmjs.org/tough-cookie/-/tough-cookie-0.9.15.tgz",
          "resolved": "https://registry.npmjs.org/tough-cookie/-/tough-cookie-0.9.15.tgz",
          "dependencies": {
            "punycode": {
              "version": "1.2.0",
              "from": "https://registry.npmjs.org/punycode/-/punycode-1.2.0.tgz",
              "resolved": "https://registry.npmjs.org/punycode/-/punycode-1.2.0.tgz"
            }
          }
        },
        "ws": {
          "version": "0.4.25",
          "from": "ws@0.4.25",
          "dependencies": {
            "commander": {
              "version": "0.6.1",
              "from": "commander@0.6.1"
            },
            "tinycolor": {
              "version": "0.0.1",
              "from": "tinycolor@0.0.1"
            },
            "options": {
              "version": "0.0.3",
              "from": "options@0.0.3"
            }
          }
        }
      }
    }
  }
}
