{
  "name": "Guru",
  "version": "0.0.1-14",
  "dependencies": {
    "coffee-script": {
      "version": "1.3.3"
    },
    "md5": {
      "version": "1.0.0"
    },
    "mongoose": {
      "version": "2.7.1",
      "dependencies": {
        "hooks": {
          "version": "0.2.1"
        },
        "mongodb": {
          "version": "1.0.2",
          "dependencies": {
            "bson": {
              "version": "0.0.6"
            }
          }
        }
      }
    },
    "async": {
      "version": "0.1.22"
    },
    "should": {
      "version": "0.6.3"
    },
    "connect": {
      "version": "2.3.4",
      "dependencies": {
        "qs": {
          "version": "0.4.2"
        },
        "mime": {
          "version": "1.2.4"
        },
        "formidable": {
          "version": "1.0.11"
        },
        "crc": {
          "version": "0.2.0"
        },
        "cookie": {
          "version": "0.0.4"
        },
        "fresh": {
          "version": "0.0.1"
        },
        "bytes": {
          "version": "0.0.1"
        },
        "range-parser": {
          "version": "0.0.4"
        },
        "debug": {
          "version": "0.7.0"
        }
      }
    },
    "pulsar": {
      "version": "0.1.1",
      "dependencies": {
        "protosock": {
          "version": "0.0.5",
          "dependencies": {
            "engine.io": {
              "version": "0.2.1",
              "dependencies": {
                "debug": {
                  "version": "0.6.0"
                },
                "ws": {
                  "version": "0.4.21",
                  "dependencies": {
                    "commander": {
                      "version": "0.6.1"
                    },
                    "tinycolor": {
                      "version": "0.0.1"
                    },
                    "options": {
                      "version": "0.0.3"
                    }
                  }
                }
              }
            },
            "engine.io-client": {
              "version": "0.2.1",
              "dependencies": {
                "ws": {
                  "version": "0.4.20",
                  "dependencies": {
                    "commander": {
                      "version": "0.6.1"
                    },
                    "tinycolor": {
                      "version": "0.0.1"
                    },
                    "options": {
                      "version": "0.0.3"
                    }
                  }
                },
                "xmlhttprequest": {
                  "version": "1.4.2"
                },
                "debug": {
                  "version": "0.6.0"
                }
              }
            }
          }
        }
      }
    },
    "vein": {
      "version": "0.4.1",
      "from": "git://github.com/bitmage/vein.git",
      "dependencies": {
        "protosock": {
          "version": "0.0.5",
          "dependencies": {
            "engine.io": {
              "version": "0.2.1",
              "dependencies": {
                "debug": {
                  "version": "0.6.0"
                },
                "ws": {
                  "version": "0.4.21",
                  "dependencies": {
                    "commander": {
                      "version": "0.6.1"
                    },
                    "tinycolor": {
                      "version": "0.0.1"
                    },
                    "options": {
                      "version": "0.0.3"
                    }
                  }
                }
              }
            },
            "engine.io-client": {
              "version": "0.2.1",
              "dependencies": {
                "ws": {
                  "version": "0.4.20",
                  "dependencies": {
                    "commander": {
                      "version": "0.6.1"
                    },
                    "tinycolor": {
                      "version": "0.0.1"
                    },
                    "options": {
                      "version": "0.0.3"
                    }
                  }
                },
                "xmlhttprequest": {
                  "version": "1.4.2"
                },
                "debug": {
                  "version": "0.6.0"
                }
              }
            }
          }
        }
      }
    },
    "sugar": {
      "version": "1.3.0"
    },
    "stoic": {
      "version": "0.0.2",
      "dependencies": {
        "hiredis": {
          "version": "0.1.14"
        },
        "redis": {
          "version": "0.7.2"
        },
        "should": {
          "version": "1.1.0"
        },
        "mocha": {
          "version": "1.4.1",
          "dependencies": {
            "commander": {
              "version": "0.6.1"
            },
            "growl": {
              "version": "1.5.1"
            },
            "jade": {
              "version": "0.26.3",
              "dependencies": {
                "mkdirp": {
                  "version": "0.3.0"
                }
              }
            },
            "diff": {
              "version": "1.0.2"
            },
            "debug": {
              "version": "0.7.0"
            },
            "mkdirp": {
              "version": "0.3.3"
            }
          }
        }
      }
    },
    "restler": {
      "version": "2.0.1"
    },
    "nodemailer": {
      "version": "0.3.27",
      "dependencies": {
        "mailcomposer": {
          "version": "0.1.19",
          "dependencies": {
            "mimelib": {
              "version": "0.2.4",
              "dependencies": {
                "encoding": {
                  "version": "0.1.3",
                  "dependencies": {
                    "iconv-lite": {
                      "version": "0.2.5"
                    },
                    "iconv": {
                      "version": "1.2.3"
                    }
                  }
                },
                "addressparser": {
                  "version": "0.1.2"
                }
              }
            }
          }
        },
        "simplesmtp": {
          "version": "0.1.24",
          "dependencies": {
            "rai": {
              "version": "0.1.6"
            },
            "xoauth2": {
              "version": "0.1.1",
              "dependencies": {
                "request": {
                  "version": "2.11.1",
                  "dependencies": {
                    "form-data": {
                      "version": "0.0.3",
                      "dependencies": {
                        "combined-stream": {
                          "version": "0.0.3",
                          "dependencies": {
                            "delayed-stream": {
                              "version": "0.0.5"
                            }
                          }
                        },
                        "async": {
                          "version": "0.1.9"
                        }
                      }
                    },
                    "mime": {
                      "version": "1.2.7"
                    }
                  }
                }
              }
            }
          }
        },
        "optimist": {
          "version": "0.3.4",
          "dependencies": {
            "wordwrap": {
              "version": "0.0.2"
            }
          }
        }
      }
    },
    "node-log": {
      "version": "0.0.3",
      "dependencies": {
        "colors": {
          "version": "0.6.0-1"
        }
      }
    },
    "jaded": {
      "version": "0.0.6",
      "dependencies": {
        "jade": {
          "version": "0.27.2",
          "dependencies": {
            "commander": {
              "version": "0.6.1"
            },
            "mkdirp": {
              "version": "0.3.0"
            }
          }
        },
        "uglify-js": {
          "version": "1.3.3"
        },
        "commander": {
          "version": "1.0.1"
        },
        "mkdirp": {
          "version": "0.3.3"
        }
      }
    }
  }
}
